
Microsoft Visual Studio Solution File, Format Version 12.00
# Visual Studio Version 17
VisualStudioVersion = 17.11.35222.181
MinimumVisualStudioVersion = 10.0.40219.1
Project("{FAE04EC0-301F-11D3-BF4B-00C04F79EFBC}") = "Dolgozat", "Dolgozat\Dolgozat.csproj", "{D94CF3ED-4CFC-4C99-A71A-68F996BFB3DD}"
EndProject
Global
	GlobalSection(SolutionConfigurationPlatforms) = preSolution
		Debug|Any CPU = Debug|Any CPU
		Release|Any CPU = Release|Any CPU
	EndGlobalSection
	GlobalSection(ProjectConfigurationPlatforms) = postSolution
		{D94CF3ED-4CFC-4C99-A71A-68F996BFB3DD}.Debug|Any CPU.ActiveCfg = Debug|Any CPU
		{D94CF3ED-4CFC-4C99-A71A-68F996BFB3DD}.Debug|Any CPU.Build.0 = Debug|Any CPU
		{D94CF3ED-4CFC-4C99-A71A-68F996BFB3DD}.Release|Any CPU.ActiveCfg = Release|Any CPU
		{D94CF3ED-4CFC-4C99-A71A-68F996BFB3DD}.Release|Any CPU.Build.0 = Release|Any CPU
	EndGlobalSection
	GlobalSection(SolutionProperties) = preSolution
		HideSolutionNode = FALSE
	EndGlobalSection
	GlobalSection(ExtensibilityGlobals) = postSolution
		SolutionGuid = {1AB95D9C-9A95-4183-9B11-18D7BEFAAFB7}
	EndGlobalSection
EndGlobal
